
Microsoft Visual Studio Solution File, Format Version 12.00
# Visual Studio Version 16
VisualStudioVersion = 16.0.30907.101
MinimumVisualStudioVersion = 10.0.40219.1
Project("{FAE04EC0-301F-11D3-BF4B-00C04F79EFBC}") = "DumpWinMD", "DumpWinMD.csproj", "{9FED82D9-CA53-4FE5-91C0-A12287B35A23}"
EndProject
Project("{9A19103F-16F7-4668-BE54-9A1E7A4F7556}") = "MiddleweightReflection", "..\middleweight-reflection\MiddleweightReflection\MiddleweightReflection.csproj", "{5FE1EA88-EE9F-4688-8D32-79B3770F6008}"
EndProject
Global
	GlobalSection(SolutionConfigurationPlatforms) = preSolution
		Debug|Any CPU = Debug|Any CPU
		Release|Any CPU = Release|Any CPU
	EndGlobalSection
	GlobalSection(ProjectConfigurationPlatforms) = postSolution
		{9FED82D9-CA53-4FE5-91C0-A12287B35A23}.Debug|Any CPU.ActiveCfg = Debug|Any CPU
		{9FED82D9-CA53-4FE5-91C0-A12287B35A23}.Debug|Any CPU.Build.0 = Debug|Any CPU
		{9FED82D9-CA53-4FE5-91C0-A12287B35A23}.Release|Any CPU.ActiveCfg = Release|Any CPU
		{9FED82D9-CA53-4FE5-91C0-A12287B35A23}.Release|Any CPU.Build.0 = Release|Any CPU
		{5FE1EA88-EE9F-4688-8D32-79B3770F6008}.Debug|Any CPU.ActiveCfg = Debug|Any CPU
		{5FE1EA88-EE9F-4688-8D32-79B3770F6008}.Debug|Any CPU.Build.0 = Debug|Any CPU
		{5FE1EA88-EE9F-4688-8D32-79B3770F6008}.Release|Any CPU.ActiveCfg = Release|Any CPU
		{5FE1EA88-EE9F-4688-8D32-79B3770F6008}.Release|Any CPU.Build.0 = Release|Any CPU
	EndGlobalSection
	GlobalSection(SolutionProperties) = preSolution
		HideSolutionNode = FALSE
	EndGlobalSection
	GlobalSection(ExtensibilityGlobals) = postSolution
		SolutionGuid = {57C776A8-6F93-4698-8AC5-AA2497D5EF06}
	EndGlobalSection
EndGlobal
